
Microsoft Visual Studio Solution File, Format Version 12.00
# Visual Studio Version 17
VisualStudioVersion = 17.1.32407.343
MinimumVisualStudioVersion = 10.0.40219.1
Project("{FAE04EC0-301F-11D3-BF4B-00C04F79EFBC}") = "FacturaServices.Android", "FacturaServices.Android\FacturaServices.Android.csproj", "{94C44C9F-6B95-46D2-8413-122A3A862506}"
EndProject
Project("{FAE04EC0-301F-11D3-BF4B-00C04F79EFBC}") = "FacturaServices.iOS", "FacturaServices.iOS\FacturaServices.iOS.csproj", "{56A0984F-032F-4A4E-A02A-B4337AF7E925}"
EndProject
Project("{FAE04EC0-301F-11D3-BF4B-00C04F79EFBC}") = "FacturaServices", "FacturaServices\FacturaServices.csproj", "{1A6153AA-7ED8-4AB8-87B8-E1BAF3A31CC8}"
EndProject
Global
	GlobalSection(SolutionConfigurationPlatforms) = preSolution
		Debug|Any CPU = Debug|Any CPU
		Debug|iPhone = Debug|iPhone
		Debug|iPhoneSimulator = Debug|iPhoneSimulator
		Release|Any CPU = Release|Any CPU
		Release|iPhone = Release|iPhone
		Release|iPhoneSimulator = Release|iPhoneSimulator
	EndGlobalSection
	GlobalSection(ProjectConfigurationPlatforms) = postSolution
		{94C44C9F-6B95-46D2-8413-122A3A862506}.Debug|Any CPU.ActiveCfg = Debug|Any CPU
		{94C44C9F-6B95-46D2-8413-122A3A862506}.Debug|Any CPU.Build.0 = Debug|Any CPU
		{94C44C9F-6B95-46D2-8413-122A3A862506}.Debug|Any CPU.Deploy.0 = Debug|Any CPU
		{94C44C9F-6B95-46D2-8413-122A3A862506}.Debug|iPhone.ActiveCfg = Debug|Any CPU
		{94C44C9F-6B95-46D2-8413-122A3A862506}.Debug|iPhone.Build.0 = Debug|Any CPU
		{94C44C9F-6B95-46D2-8413-122A3A862506}.Debug|iPhone.Deploy.0 = Debug|Any CPU
		{94C44C9F-6B95-46D2-8413-122A3A862506}.Debug|iPhoneSimulator.ActiveCfg = Debug|Any CPU
		{94C44C9F-6B95-46D2-8413-122A3A862506}.Debug|iPhoneSimulator.Build.0 = Debug|Any CPU
		{94C44C9F-6B95-46D2-8413-122A3A862506}.Debug|iPhoneSimulator.Deploy.0 = Debug|Any CPU
		{94C44C9F-6B95-46D2-8413-122A3A862506}.Release|Any CPU.ActiveCfg = Release|Any CPU
		{94C44C9F-6B95-46D2-8413-122A3A862506}.Release|Any CPU.Build.0 = Release|Any CPU
		{94C44C9F-6B95-46D2-8413-122A3A862506}.Release|Any CPU.Deploy.0 = Release|Any CPU
		{94C44C9F-6B95-46D2-8413-122A3A862506}.Release|iPhone.ActiveCfg = Release|Any CPU
		{94C44C9F-6B95-46D2-8413-122A3A862506}.Release|iPhone.Build.0 = Release|Any CPU
		{94C44C9F-6B95-46D2-8413-122A3A862506}.Release|iPhone.Deploy.0 = Release|Any CPU
		{94C44C9F-6B95-46D2-8413-122A3A862506}.Release|iPhoneSimulator.ActiveCfg = Release|Any CPU
		{94C44C9F-6B95-46D2-8413-122A3A862506}.Release|iPhoneSimulator.Build.0 = Release|Any CPU
		{94C44C9F-6B95-46D2-8413-122A3A862506}.Release|iPhoneSimulator.Deploy.0 = Release|Any CPU
		{56A0984F-032F-4A4E-A02A-B4337AF7E925}.Debug|Any CPU.ActiveCfg = Debug|iPhone
		{56A0984F-032F-4A4E-A02A-B4337AF7E925}.Debug|Any CPU.Build.0 = Debug|iPhone
		{56A0984F-032F-4A4E-A02A-B4337AF7E925}.Debug|Any CPU.Deploy.0 = Debug|iPhone
		{56A0984F-032F-4A4E-A02A-B4337AF7E925}.Debug|iPhone.ActiveCfg = Debug|iPhone
		{56A0984F-032F-4A4E-A02A-B4337AF7E925}.Debug|iPhone.Build.0 = Debug|iPhone
		{56A0984F-032F-4A4E-A02A-B4337AF7E925}.Debug|iPhone.Deploy.0 = Debug|iPhone
		{56A0984F-032F-4A4E-A02A-B4337AF7E925}.Debug|iPhoneSimulator.ActiveCfg = Debug|iPhoneSimulator
		{56A0984F-032F-4A4E-A02A-B4337AF7E925}.Debug|iPhoneSimulator.Build.0 = Debug|iPhoneSimulator
		{56A0984F-032F-4A4E-A02A-B4337AF7E925}.Debug|iPhoneSimulator.Deploy.0 = Debug|iPhoneSimulator
		{56A0984F-032F-4A4E-A02A-B4337AF7E925}.Release|Any CPU.ActiveCfg = Release|iPhoneSimulator
		{56A0984F-032F-4A4E-A02A-B4337AF7E925}.Release|Any CPU.Build.0 = Release|iPhoneSimulator
		{56A0984F-032F-4A4E-A02A-B4337AF7E925}.Release|Any CPU.Deploy.0 = Release|iPhoneSimulator
		{56A0984F-032F-4A4E-A02A-B4337AF7E925}.Release|iPhone.ActiveCfg = Release|iPhone
		{56A0984F-032F-4A4E-A02A-B4337AF7E925}.Release|iPhone.Build.0 = Release|iPhone
		{56A0984F-032F-4A4E-A02A-B4337AF7E925}.Release|iPhone.Deploy.0 = Release|iPhone
		{56A0984F-032F-4A4E-A02A-B4337AF7E925}.Release|iPhoneSimulator.ActiveCfg = Release|iPhoneSimulator
		{56A0984F-032F-4A4E-A02A-B4337AF7E925}.Release|iPhoneSimulator.Build.0 = Release|iPhoneSimulator
		{56A0984F-032F-4A4E-A02A-B4337AF7E925}.Release|iPhoneSimulator.Deploy.0 = Release|iPhoneSimulator
		{1A6153AA-7ED8-4AB8-87B8-E1BAF3A31CC8}.Debug|Any CPU.ActiveCfg = Debug|Any CPU
		{1A6153AA-7ED8-4AB8-87B8-E1BAF3A31CC8}.Debug|Any CPU.Build.0 = Debug|Any CPU
		{1A6153AA-7ED8-4AB8-87B8-E1BAF3A31CC8}.Debug|Any CPU.Deploy.0 = Debug|Any CPU
		{1A6153AA-7ED8-4AB8-87B8-E1BAF3A31CC8}.Debug|iPhone.ActiveCfg = Debug|Any CPU
		{1A6153AA-7ED8-4AB8-87B8-E1BAF3A31CC8}.Debug|iPhone.Build.0 = Debug|Any CPU
		{1A6153AA-7ED8-4AB8-87B8-E1BAF3A31CC8}.Debug|iPhone.Deploy.0 = Debug|Any CPU
		{1A6153AA-7ED8-4AB8-87B8-E1BAF3A31CC8}.Debug|iPhoneSimulator.ActiveCfg = Debug|Any CPU
		{1A6153AA-7ED8-4AB8-87B8-E1BAF3A31CC8}.Debug|iPhoneSimulator.Build.0 = Debug|Any CPU
		{1A6153AA-7ED8-4AB8-87B8-E1BAF3A31CC8}.Debug|iPhoneSimulator.Deploy.0 = Debug|Any CPU
		{1A6153AA-7ED8-4AB8-87B8-E1BAF3A31CC8}.Release|Any CPU.ActiveCfg = Release|Any CPU
		{1A6153AA-7ED8-4AB8-87B8-E1BAF3A31CC8}.Release|Any CPU.Build.0 = Release|Any CPU
		{1A6153AA-7ED8-4AB8-87B8-E1BAF3A31CC8}.Release|Any CPU.Deploy.0 = Release|Any CPU
		{1A6153AA-7ED8-4AB8-87B8-E1BAF3A31CC8}.Release|iPhone.ActiveCfg = Release|Any CPU
		{1A6153AA-7ED8-4AB8-87B8-E1BAF3A31CC8}.Release|iPhone.Build.0 = Release|Any CPU
		{1A6153AA-7ED8-4AB8-87B8-E1BAF3A31CC8}.Release|iPhone.Deploy.0 = Release|Any CPU
		{1A6153AA-7ED8-4AB8-87B8-E1BAF3A31CC8}.Release|iPhoneSimulator.ActiveCfg = Release|Any CPU
		{1A6153AA-7ED8-4AB8-87B8-E1BAF3A31CC8}.Release|iPhoneSimulator.Build.0 = Release|Any CPU
		{1A6153AA-7ED8-4AB8-87B8-E1BAF3A31CC8}.Release|iPhoneSimulator.Deploy.0 = Release|Any CPU
	EndGlobalSection
	GlobalSection(SolutionProperties) = preSolution
		HideSolutionNode = FALSE
	EndGlobalSection
	GlobalSection(ExtensibilityGlobals) = postSolution
		SolutionGuid = {00041951-A343-4D40-A48F-EEC66D84E454}
	EndGlobalSection
EndGlobal
